github.com/gloo-foo/framework v0.0.1 h1:RCI+rT/SSY51R3qGLz8u6zjt113dny7Yf2ZM6+MhqHE=
github.com/gloo-foo/framework v0.0.1/go.mod h1:p9P7iz84iZ4+c7BoOrVcKl7yuWVZ79eaCmWkM44FJ4c=
github.com/gloo-foo/framework v0.0.3 h1:1ZmonNQ0ftuIrDEQ2G/mfY4qcODLyECI71UxtEgo1Fw=
github.com/gloo-foo/framework v0.0.3/go.mod h1:p9P7iz84iZ4+c7BoOrVcKl7yuWVZ79eaCmWkM44FJ4c=
github.com/yupsh/cut v0.0.0-20251107224015-37786040da0e h1:pEbAdCmpODeVYmSxpQkIWwfS7aYf+dkn35pCpvyixxM=
github.com/yupsh/cut v0.0.0-20251107224015-37786040da0e/go.mod h1:1feZ8aQ7jYr4osA7jQV6n8vzpfGbWwB7cRHZSDGTT9A=
github.com/yupsh/cut v0.0.3 h1:MOVmyQXYVMt98mjm741zrLdf47e2+xESqbdADirI8C0=
github.com/yupsh/cut v0.0.3/go.mod h1:1feZ8aQ7jYr4osA7jQV6n8vzpfGbWwB7cRHZSDGTT9A=
